<?xml version="1.0" encoding="UTF-8"?>
<Scheme
   version = "1.3">
   <BuildAction>
      <BuildActionEntries>
         <BuildActionEntry
            buildForRunning = "YES">
            <BuildableReference
               BuildableIdentifier = "primary"
               BlueprintIdentifier = "17AE097D5F8EF160C685EAF1"
               BuildableName = "Spellcheck.app"
               BlueprintName = "Spellcheck"
               ReferencedContainer = "container:Spellcheck.xcodeproj">
            </BuildableReference>
         </BuildActionEntry>
      </BuildActionEntries>
   </BuildAction>
   <LaunchAction
      useCustomWorkingDirectory = "NO"
      buildConfiguration = "Debug">
      <BuildableProductRunnable>
         <BuildableReference
            BuildableIdentifier = "primary"
            BlueprintIdentifier = "17AE097D5F8EF160C685EAF1"
            BuildableName = "Spellcheck.app"
            BlueprintName = "Spellcheck"
            ReferencedContainer = "container:Spellcheck.xcodeproj">
         </BuildableReference>
      </BuildableProductRunnable>
   </LaunchAction>
</Scheme>
